
Microsoft Visual Studio Solution File, Format Version 12.00
# Visual Studio Version 17
VisualStudioVersion = 17.13.35931.197 d17.13
MinimumVisualStudioVersion = 10.0.40219.1
Project("{FAE04EC0-301F-11D3-BF4B-00C04F79EFBC}") = "Задание 4", "Задание 4\Задание 4.csproj", "{27459990-5C03-40FB-B354-50CB960BC1FA}"
EndProject
Project("{FAE04EC0-301F-11D3-BF4B-00C04F79EFBC}") = "Задание 5", "Задание 5\Задание 5.csproj", "{BD68E82F-AD40-447F-9D81-027A78B5F2AA}"
EndProject
Project("{FAE04EC0-301F-11D3-BF4B-00C04F79EFBC}") = "Задание 6", "Задание 6\Задание 6.csproj", "{5AAB2CCD-5F53-43DF-B7AD-D7D1DC7C3DE6}"
EndProject
Project("{FAE04EC0-301F-11D3-BF4B-00C04F79EFBC}") = "Задание 7", "Задание 7\Задание 7.csproj", "{95C695D0-287F-4435-B8D9-BAA832435D71}"
EndProject
Project("{FAE04EC0-301F-11D3-BF4B-00C04F79EFBC}") = "Задание 8", "Задание 8\Задание 8.csproj", "{23E453D6-FFA7-4513-AA13-412AF48ACF93}"
EndProject
Project("{FAE04EC0-301F-11D3-BF4B-00C04F79EFBC}") = "Задание 9", "Задание 9\Задание 9.csproj", "{AAF5D476-05DC-406D-87D2-369DAA18127D}"
EndProject
Project("{FAE04EC0-301F-11D3-BF4B-00C04F79EFBC}") = "Задание 10", "Задание 10\Задание 10.csproj", "{D9E50448-C08B-41C3-972B-9B6B5386C7ED}"
EndProject
Project("{FAE04EC0-301F-11D3-BF4B-00C04F79EFBC}") = "Задание 11", "Задание 11\Задание 11.csproj", "{71BDE951-9D19-4044-B847-D0DD6A59DE03}"
EndProject
Project("{FAE04EC0-301F-11D3-BF4B-00C04F79EFBC}") = "Задание 12", "Задание 12\Задание 12.csproj", "{FC9BE165-EF06-4824-9F98-0F3BB5B14A6A}"
EndProject
Project("{FAE04EC0-301F-11D3-BF4B-00C04F79EFBC}") = "Задание 13", "Задание 13\Задание 13.csproj", "{42E8ADC7-678B-447F-AEDD-52603BD83819}"
EndProject
Project("{FAE04EC0-301F-11D3-BF4B-00C04F79EFBC}") = "Задание 14", "Задание 14\Задание 14.csproj", "{1EBCF4F7-63BB-4212-82B9-4F08824D2D2D}"
EndProject
Project("{FAE04EC0-301F-11D3-BF4B-00C04F79EFBC}") = "Задание 15", "Задание 15\Задание 15.csproj", "{CEC1C2B3-3927-420E-9164-1BF88E50B2AD}"
EndProject
Project("{FAE04EC0-301F-11D3-BF4B-00C04F79EFBC}") = "Задание 16", "Задание 16\Задание 16.csproj", "{D692FDBC-8681-4736-A1CA-7372743F5499}"
EndProject
Project("{FAE04EC0-301F-11D3-BF4B-00C04F79EFBC}") = "Задание 17", "Задание 17\Задание 17.csproj", "{B007906F-7289-4342-A9C3-F0A2B4487003}"
EndProject
Project("{FAE04EC0-301F-11D3-BF4B-00C04F79EFBC}") = "Задание 18", "Задание 18\Задание 18.csproj", "{C4C70D9E-3816-47F4-8E8D-2110CFA86D7F}"
EndProject
Project("{FAE04EC0-301F-11D3-BF4B-00C04F79EFBC}") = "Задание 19", "Задание 19\Задание 19.csproj", "{32BD408F-6A84-4A13-B998-35EDA0BEC2F9}"
EndProject
Project("{FAE04EC0-301F-11D3-BF4B-00C04F79EFBC}") = "Задание 20", "Задание 20\Задание 20.csproj", "{31CDDA5C-1A3F-46B2-B436-808F92A4E457}"
EndProject
Project("{FAE04EC0-301F-11D3-BF4B-00C04F79EFBC}") = "Задание 21", "Задание 21\Задание 21.csproj", "{9C83BACE-AE41-4611-A875-74587163F64F}"
EndProject
Project("{FAE04EC0-301F-11D3-BF4B-00C04F79EFBC}") = "Задание 21.1", "Задание 21.1\Задание 21.1.csproj", "{D41C6B52-7673-451E-BB95-31B019194C8F}"
EndProject
Project("{FAE04EC0-301F-11D3-BF4B-00C04F79EFBC}") = "Задание 21.2", "Задание 21.2\Задание 21.2.csproj", "{AD3FB303-742D-49CA-ABF3-46B9B00FD02A}"
EndProject
Project("{FAE04EC0-301F-11D3-BF4B-00C04F79EFBC}") = "Задание 22.1", "Задание 22.1\Задание 22.1.csproj", "{B3801B40-C6FB-486E-9C4F-BD5D58FC2B88}"
EndProject
Project("{FAE04EC0-301F-11D3-BF4B-00C04F79EFBC}") = "Задание 22.2", "Задание 22.2\Задание 22.2.csproj", "{FA52C299-0396-4513-95B3-3666B59927FA}"
EndProject
Project("{FAE04EC0-301F-11D3-BF4B-00C04F79EFBC}") = "Задание 22.3", "Задание 22.3\Задание 22.3.csproj", "{6CF6185D-27C0-41DA-8A64-DBA95476B9CA}"
EndProject
Project("{FAE04EC0-301F-11D3-BF4B-00C04F79EFBC}") = "Задание 23", "Задание 23\Задание 23.csproj", "{205963B1-A72C-4870-9159-9DC8BAC6621A}"
EndProject
Project("{FAE04EC0-301F-11D3-BF4B-00C04F79EFBC}") = "Задание 24", "Задание 24\Задание 24.csproj", "{86823507-08AA-40F7-8079-91A2CC9846F3}"
EndProject
Project("{FAE04EC0-301F-11D3-BF4B-00C04F79EFBC}") = "Задание 25", "Задание 25\Задание 25.csproj", "{016457E9-616C-4FCF-97A7-9AF855ABDF2E}"
EndProject
Project("{FAE04EC0-301F-11D3-BF4B-00C04F79EFBC}") = "Задание 26", "Задание 26\Задание 26.csproj", "{49379086-9872-4CDE-A2A1-6502BCC5CC23}"
EndProject
Project("{FAE04EC0-301F-11D3-BF4B-00C04F79EFBC}") = "Задание 27", "Задание 27\Задание 27.csproj", "{E6B59D48-7CC0-4BD8-8982-8ECC1EC1ECB1}"
EndProject
Project("{FAE04EC0-301F-11D3-BF4B-00C04F79EFBC}") = "Задание 28", "Задание 28\Задание 28.csproj", "{472E107A-9E81-4906-8DF9-0B04E3E1629A}"
EndProject
Global
	GlobalSection(SolutionConfigurationPlatforms) = preSolution
		Debug|Any CPU = Debug|Any CPU
		Release|Any CPU = Release|Any CPU
	EndGlobalSection
	GlobalSection(ProjectConfigurationPlatforms) = postSolution
		{27459990-5C03-40FB-B354-50CB960BC1FA}.Debug|Any CPU.ActiveCfg = Debug|Any CPU
		{27459990-5C03-40FB-B354-50CB960BC1FA}.Debug|Any CPU.Build.0 = Debug|Any CPU
		{27459990-5C03-40FB-B354-50CB960BC1FA}.Release|Any CPU.ActiveCfg = Release|Any CPU
		{27459990-5C03-40FB-B354-50CB960BC1FA}.Release|Any CPU.Build.0 = Release|Any CPU
		{BD68E82F-AD40-447F-9D81-027A78B5F2AA}.Debug|Any CPU.ActiveCfg = Debug|Any CPU
		{BD68E82F-AD40-447F-9D81-027A78B5F2AA}.Debug|Any CPU.Build.0 = Debug|Any CPU
		{BD68E82F-AD40-447F-9D81-027A78B5F2AA}.Release|Any CPU.ActiveCfg = Release|Any CPU
		{BD68E82F-AD40-447F-9D81-027A78B5F2AA}.Release|Any CPU.Build.0 = Release|Any CPU
		{5AAB2CCD-5F53-43DF-B7AD-D7D1DC7C3DE6}.Debug|Any CPU.ActiveCfg = Debug|Any CPU
		{5AAB2CCD-5F53-43DF-B7AD-D7D1DC7C3DE6}.Debug|Any CPU.Build.0 = Debug|Any CPU
		{5AAB2CCD-5F53-43DF-B7AD-D7D1DC7C3DE6}.Release|Any CPU.ActiveCfg = Release|Any CPU
		{5AAB2CCD-5F53-43DF-B7AD-D7D1DC7C3DE6}.Release|Any CPU.Build.0 = Release|Any CPU
		{95C695D0-287F-4435-B8D9-BAA832435D71}.Debug|Any CPU.ActiveCfg = Debug|Any CPU
		{95C695D0-287F-4435-B8D9-BAA832435D71}.Debug|Any CPU.Build.0 = Debug|Any CPU
		{95C695D0-287F-4435-B8D9-BAA832435D71}.Release|Any CPU.ActiveCfg = Release|Any CPU
		{95C695D0-287F-4435-B8D9-BAA832435D71}.Release|Any CPU.Build.0 = Release|Any CPU
		{23E453D6-FFA7-4513-AA13-412AF48ACF93}.Debug|Any CPU.ActiveCfg = Debug|Any CPU
		{23E453D6-FFA7-4513-AA13-412AF48ACF93}.Debug|Any CPU.Build.0 = Debug|Any CPU
		{23E453D6-FFA7-4513-AA13-412AF48ACF93}.Release|Any CPU.ActiveCfg = Release|Any CPU
		{23E453D6-FFA7-4513-AA13-412AF48ACF93}.Release|Any CPU.Build.0 = Release|Any CPU
		{AAF5D476-05DC-406D-87D2-369DAA18127D}.Debug|Any CPU.ActiveCfg = Debug|Any CPU
		{AAF5D476-05DC-406D-87D2-369DAA18127D}.Debug|Any CPU.Build.0 = Debug|Any CPU
		{AAF5D476-05DC-406D-87D2-369DAA18127D}.Release|Any CPU.ActiveCfg = Release|Any CPU
		{AAF5D476-05DC-406D-87D2-369DAA18127D}.Release|Any CPU.Build.0 = Release|Any CPU
		{D9E50448-C08B-41C3-972B-9B6B5386C7ED}.Debug|Any CPU.ActiveCfg = Debug|Any CPU
		{D9E50448-C08B-41C3-972B-9B6B5386C7ED}.Debug|Any CPU.Build.0 = Debug|Any CPU
		{D9E50448-C08B-41C3-972B-9B6B5386C7ED}.Release|Any CPU.ActiveCfg = Release|Any CPU
		{D9E50448-C08B-41C3-972B-9B6B5386C7ED}.Release|Any CPU.Build.0 = Release|Any CPU
		{71BDE951-9D19-4044-B847-D0DD6A59DE03}.Debug|Any CPU.ActiveCfg = Debug|Any CPU
		{71BDE951-9D19-4044-B847-D0DD6A59DE03}.Debug|Any CPU.Build.0 = Debug|Any CPU
		{71BDE951-9D19-4044-B847-D0DD6A59DE03}.Release|Any CPU.ActiveCfg = Release|Any CPU
		{71BDE951-9D19-4044-B847-D0DD6A59DE03}.Release|Any CPU.Build.0 = Release|Any CPU
		{FC9BE165-EF06-4824-9F98-0F3BB5B14A6A}.Debug|Any CPU.ActiveCfg = Debug|Any CPU
		{FC9BE165-EF06-4824-9F98-0F3BB5B14A6A}.Debug|Any CPU.Build.0 = Debug|Any CPU
		{FC9BE165-EF06-4824-9F98-0F3BB5B14A6A}.Release|Any CPU.ActiveCfg = Release|Any CPU
		{FC9BE165-EF06-4824-9F98-0F3BB5B14A6A}.Release|Any CPU.Build.0 = Release|Any CPU
		{42E8ADC7-678B-447F-AEDD-52603BD83819}.Debug|Any CPU.ActiveCfg = Debug|Any CPU
		{42E8ADC7-678B-447F-AEDD-52603BD83819}.Debug|Any CPU.Build.0 = Debug|Any CPU
		{42E8ADC7-678B-447F-AEDD-52603BD83819}.Release|Any CPU.ActiveCfg = Release|Any CPU
		{42E8ADC7-678B-447F-AEDD-52603BD83819}.Release|Any CPU.Build.0 = Release|Any CPU
		{1EBCF4F7-63BB-4212-82B9-4F08824D2D2D}.Debug|Any CPU.ActiveCfg = Debug|Any CPU
		{1EBCF4F7-63BB-4212-82B9-4F08824D2D2D}.Debug|Any CPU.Build.0 = Debug|Any CPU
		{1EBCF4F7-63BB-4212-82B9-4F08824D2D2D}.Release|Any CPU.ActiveCfg = Release|Any CPU
		{1EBCF4F7-63BB-4212-82B9-4F08824D2D2D}.Release|Any CPU.Build.0 = Release|Any CPU
		{CEC1C2B3-3927-420E-9164-1BF88E50B2AD}.Debug|Any CPU.ActiveCfg = Debug|Any CPU
		{CEC1C2B3-3927-420E-9164-1BF88E50B2AD}.Debug|Any CPU.Build.0 = Debug|Any CPU
		{CEC1C2B3-3927-420E-9164-1BF88E50B2AD}.Release|Any CPU.ActiveCfg = Release|Any CPU
		{CEC1C2B3-3927-420E-9164-1BF88E50B2AD}.Release|Any CPU.Build.0 = Release|Any CPU
		{D692FDBC-8681-4736-A1CA-7372743F5499}.Debug|Any CPU.ActiveCfg = Debug|Any CPU
		{D692FDBC-8681-4736-A1CA-7372743F5499}.Debug|Any CPU.Build.0 = Debug|Any CPU
		{D692FDBC-8681-4736-A1CA-7372743F5499}.Release|Any CPU.ActiveCfg = Release|Any CPU
		{D692FDBC-8681-4736-A1CA-7372743F5499}.Release|Any CPU.Build.0 = Release|Any CPU
		{B007906F-7289-4342-A9C3-F0A2B4487003}.Debug|Any CPU.ActiveCfg = Debug|Any CPU
		{B007906F-7289-4342-A9C3-F0A2B4487003}.Debug|Any CPU.Build.0 = Debug|Any CPU
		{B007906F-7289-4342-A9C3-F0A2B4487003}.Release|Any CPU.ActiveCfg = Release|Any CPU
		{B007906F-7289-4342-A9C3-F0A2B4487003}.Release|Any CPU.Build.0 = Release|Any CPU
		{C4C70D9E-3816-47F4-8E8D-2110CFA86D7F}.Debug|Any CPU.ActiveCfg = Debug|Any CPU
		{C4C70D9E-3816-47F4-8E8D-2110CFA86D7F}.Debug|Any CPU.Build.0 = Debug|Any CPU
		{C4C70D9E-3816-47F4-8E8D-2110CFA86D7F}.Release|Any CPU.ActiveCfg = Release|Any CPU
		{C4C70D9E-3816-47F4-8E8D-2110CFA86D7F}.Release|Any CPU.Build.0 = Release|Any CPU
		{32BD408F-6A84-4A13-B998-35EDA0BEC2F9}.Debug|Any CPU.ActiveCfg = Debug|Any CPU
		{32BD408F-6A84-4A13-B998-35EDA0BEC2F9}.Debug|Any CPU.Build.0 = Debug|Any CPU
		{32BD408F-6A84-4A13-B998-35EDA0BEC2F9}.Release|Any CPU.ActiveCfg = Release|Any CPU
		{32BD408F-6A84-4A13-B998-35EDA0BEC2F9}.Release|Any CPU.Build.0 = Release|Any CPU
		{31CDDA5C-1A3F-46B2-B436-808F92A4E457}.Debug|Any CPU.ActiveCfg = Debug|Any CPU
		{31CDDA5C-1A3F-46B2-B436-808F92A4E457}.Debug|Any CPU.Build.0 = Debug|Any CPU
		{31CDDA5C-1A3F-46B2-B436-808F92A4E457}.Release|Any CPU.ActiveCfg = Release|Any CPU
		{31CDDA5C-1A3F-46B2-B436-808F92A4E457}.Release|Any CPU.Build.0 = Release|Any CPU
		{9C83BACE-AE41-4611-A875-74587163F64F}.Debug|Any CPU.ActiveCfg = Debug|Any CPU
		{9C83BACE-AE41-4611-A875-74587163F64F}.Debug|Any CPU.Build.0 = Debug|Any CPU
		{9C83BACE-AE41-4611-A875-74587163F64F}.Release|Any CPU.ActiveCfg = Release|Any CPU
		{9C83BACE-AE41-4611-A875-74587163F64F}.Release|Any CPU.Build.0 = Release|Any CPU
		{D41C6B52-7673-451E-BB95-31B019194C8F}.Debug|Any CPU.ActiveCfg = Debug|Any CPU
		{D41C6B52-7673-451E-BB95-31B019194C8F}.Debug|Any CPU.Build.0 = Debug|Any CPU
		{D41C6B52-7673-451E-BB95-31B019194C8F}.Release|Any CPU.ActiveCfg = Release|Any CPU
		{D41C6B52-7673-451E-BB95-31B019194C8F}.Release|Any CPU.Build.0 = Release|Any CPU
		{AD3FB303-742D-49CA-ABF3-46B9B00FD02A}.Debug|Any CPU.ActiveCfg = Debug|Any CPU
		{AD3FB303-742D-49CA-ABF3-46B9B00FD02A}.Debug|Any CPU.Build.0 = Debug|Any CPU
		{AD3FB303-742D-49CA-ABF3-46B9B00FD02A}.Release|Any CPU.ActiveCfg = Release|Any CPU
		{AD3FB303-742D-49CA-ABF3-46B9B00FD02A}.Release|Any CPU.Build.0 = Release|Any CPU
		{B3801B40-C6FB-486E-9C4F-BD5D58FC2B88}.Debug|Any CPU.ActiveCfg = Debug|Any CPU
		{B3801B40-C6FB-486E-9C4F-BD5D58FC2B88}.Debug|Any CPU.Build.0 = Debug|Any CPU
		{B3801B40-C6FB-486E-9C4F-BD5D58FC2B88}.Release|Any CPU.ActiveCfg = Release|Any CPU
		{B3801B40-C6FB-486E-9C4F-BD5D58FC2B88}.Release|Any CPU.Build.0 = Release|Any CPU
		{FA52C299-0396-4513-95B3-3666B59927FA}.Debug|Any CPU.ActiveCfg = Debug|Any CPU
		{FA52C299-0396-4513-95B3-3666B59927FA}.Debug|Any CPU.Build.0 = Debug|Any CPU
		{FA52C299-0396-4513-95B3-3666B59927FA}.Release|Any CPU.ActiveCfg = Release|Any CPU
		{FA52C299-0396-4513-95B3-3666B59927FA}.Release|Any CPU.Build.0 = Release|Any CPU
		{6CF6185D-27C0-41DA-8A64-DBA95476B9CA}.Debug|Any CPU.ActiveCfg = Debug|Any CPU
		{6CF6185D-27C0-41DA-8A64-DBA95476B9CA}.Debug|Any CPU.Build.0 = Debug|Any CPU
		{6CF6185D-27C0-41DA-8A64-DBA95476B9CA}.Release|Any CPU.ActiveCfg = Release|Any CPU
		{6CF6185D-27C0-41DA-8A64-DBA95476B9CA}.Release|Any CPU.Build.0 = Release|Any CPU
		{205963B1-A72C-4870-9159-9DC8BAC6621A}.Debug|Any CPU.ActiveCfg = Debug|Any CPU
		{205963B1-A72C-4870-9159-9DC8BAC6621A}.Debug|Any CPU.Build.0 = Debug|Any CPU
		{205963B1-A72C-4870-9159-9DC8BAC6621A}.Release|Any CPU.ActiveCfg = Release|Any CPU
		{205963B1-A72C-4870-9159-9DC8BAC6621A}.Release|Any CPU.Build.0 = Release|Any CPU
		{86823507-08AA-40F7-8079-91A2CC9846F3}.Debug|Any CPU.ActiveCfg = Debug|Any CPU
		{86823507-08AA-40F7-8079-91A2CC9846F3}.Debug|Any CPU.Build.0 = Debug|Any CPU
		{86823507-08AA-40F7-8079-91A2CC9846F3}.Release|Any CPU.ActiveCfg = Release|Any CPU
		{86823507-08AA-40F7-8079-91A2CC9846F3}.Release|Any CPU.Build.0 = Release|Any CPU
		{016457E9-616C-4FCF-97A7-9AF855ABDF2E}.Debug|Any CPU.ActiveCfg = Debug|Any CPU
		{016457E9-616C-4FCF-97A7-9AF855ABDF2E}.Debug|Any CPU.Build.0 = Debug|Any CPU
		{016457E9-616C-4FCF-97A7-9AF855ABDF2E}.Release|Any CPU.ActiveCfg = Release|Any CPU
		{016457E9-616C-4FCF-97A7-9AF855ABDF2E}.Release|Any CPU.Build.0 = Release|Any CPU
		{49379086-9872-4CDE-A2A1-6502BCC5CC23}.Debug|Any CPU.ActiveCfg = Debug|Any CPU
		{49379086-9872-4CDE-A2A1-6502BCC5CC23}.Debug|Any CPU.Build.0 = Debug|Any CPU
		{49379086-9872-4CDE-A2A1-6502BCC5CC23}.Release|Any CPU.ActiveCfg = Release|Any CPU
		{49379086-9872-4CDE-A2A1-6502BCC5CC23}.Release|Any CPU.Build.0 = Release|Any CPU
		{E6B59D48-7CC0-4BD8-8982-8ECC1EC1ECB1}.Debug|Any CPU.ActiveCfg = Debug|Any CPU
		{E6B59D48-7CC0-4BD8-8982-8ECC1EC1ECB1}.Debug|Any CPU.Build.0 = Debug|Any CPU
		{E6B59D48-7CC0-4BD8-8982-8ECC1EC1ECB1}.Release|Any CPU.ActiveCfg = Release|Any CPU
		{E6B59D48-7CC0-4BD8-8982-8ECC1EC1ECB1}.Release|Any CPU.Build.0 = Release|Any CPU
		{472E107A-9E81-4906-8DF9-0B04E3E1629A}.Debug|Any CPU.ActiveCfg = Debug|Any CPU
		{472E107A-9E81-4906-8DF9-0B04E3E1629A}.Debug|Any CPU.Build.0 = Debug|Any CPU
		{472E107A-9E81-4906-8DF9-0B04E3E1629A}.Release|Any CPU.ActiveCfg = Release|Any CPU
		{472E107A-9E81-4906-8DF9-0B04E3E1629A}.Release|Any CPU.Build.0 = Release|Any CPU
	EndGlobalSection
	GlobalSection(SolutionProperties) = preSolution
		HideSolutionNode = FALSE
	EndGlobalSection
	GlobalSection(ExtensibilityGlobals) = postSolution
		SolutionGuid = {E6363C5D-036F-46C3-B9FC-A4C3339423D3}
	EndGlobalSection
EndGlobal
